dependencies:
- name: renku-ui
  repository: https://swissdatasciencecenter.github.io/helm-charts/
  version: 0.6.4-e7cd178
- name: renku-notebooks
  repository: https://swissdatasciencecenter.github.io/helm-charts/
  version: 0.5.1
- name: renku-gateway
  repository: https://swissdatasciencecenter.github.io/helm-charts/
  version: 0.5.0-53e3962
- name: gitlab
  repository: https://swissdatasciencecenter.github.io/helm-charts/
  version: 0.3.1-6fb1535
- name: renku-graph
  repository: file:///home/zenon/DEV/ETH/renku-graph/helm-chart/renku-graph
  version: 0.19.1-4763924
- name: postgresql
  repository: https://kubernetes-charts.storage.googleapis.com
  version: 0.14.4
- name: keycloak
  repository: file:///home/zenon/DEV/ETH/helm-charts/charts/keycloak
  version: 6.0.0
- name: minio
  repository: https://kubernetes-charts.storage.googleapis.com
  version: 1.6.0
digest: sha256:b60be5863a3c7ae32ecddabeeef9412d3a9b2a94b5134f0fe8a99ab1741f7b0b
generated: "2019-10-15T11:44:06.796868543+02:00"
